
Microsoft Visual Studio Solution File, Format Version 12.00
# Visual Studio 15
VisualStudioVersion = 15.0.28010.2041
MinimumVisualStudioVersion = 10.0.40219.1
Project("{888888A0-9F3D-457C-B088-3A5042F75D52}") = "FacenetServer", "FacenetServer\FacenetServer.pyproj", "{3FB7D3BF-ACD8-4C0B-A867-D8998B71A038}"
EndProject
Project("{FAE04EC0-301F-11D3-BF4B-00C04F79EFBC}") = "WebSite", "WebSite\WebSite.csproj", "{FEADE190-514E-457B-A61A-82BBE7BC2A78}"
EndProject
Project("{FAE04EC0-301F-11D3-BF4B-00C04F79EFBC}") = "RecognizeAPI", "RecognizeAPI\RecognizeAPI.csproj", "{F2535455-F618-435D-9F60-927E52033F0A}"
EndProject
Global
	GlobalSection(SolutionConfigurationPlatforms) = preSolution
		Debug|Any CPU = Debug|Any CPU
		Release|Any CPU = Release|Any CPU
	EndGlobalSection
	GlobalSection(ProjectConfigurationPlatforms) = postSolution
		{3FB7D3BF-ACD8-4C0B-A867-D8998B71A038}.Debug|Any CPU.ActiveCfg = Debug|Any CPU
		{3FB7D3BF-ACD8-4C0B-A867-D8998B71A038}.Debug|Any CPU.Build.0 = Debug|Any CPU
		{3FB7D3BF-ACD8-4C0B-A867-D8998B71A038}.Release|Any CPU.ActiveCfg = Release|Any CPU
		{3FB7D3BF-ACD8-4C0B-A867-D8998B71A038}.Release|Any CPU.Build.0 = Release|Any CPU
		{FEADE190-514E-457B-A61A-82BBE7BC2A78}.Debug|Any CPU.ActiveCfg = Debug|Any CPU
		{FEADE190-514E-457B-A61A-82BBE7BC2A78}.Debug|Any CPU.Build.0 = Debug|Any CPU
		{FEADE190-514E-457B-A61A-82BBE7BC2A78}.Release|Any CPU.ActiveCfg = Release|Any CPU
		{FEADE190-514E-457B-A61A-82BBE7BC2A78}.Release|Any CPU.Build.0 = Release|Any CPU
		{F2535455-F618-435D-9F60-927E52033F0A}.Debug|Any CPU.ActiveCfg = Debug|Any CPU
		{F2535455-F618-435D-9F60-927E52033F0A}.Debug|Any CPU.Build.0 = Debug|Any CPU
		{F2535455-F618-435D-9F60-927E52033F0A}.Release|Any CPU.ActiveCfg = Release|Any CPU
		{F2535455-F618-435D-9F60-927E52033F0A}.Release|Any CPU.Build.0 = Release|Any CPU
	EndGlobalSection
	GlobalSection(SolutionProperties) = preSolution
		HideSolutionNode = FALSE
	EndGlobalSection
	GlobalSection(ExtensibilityGlobals) = postSolution
		SolutionGuid = {4F58CC33-B24C-487A-A128-8DF4C22E01CA}
	EndGlobalSection
EndGlobal
